<?xml version="1.0" encoding="utf-8"?>
<Project ToolsVersion="4.0" xmlns="http://schemas.microsoft.com/developer/msbuild/2003">
  <ItemGroup>
    <Filter Include="Source Files">
      <UniqueIdentifier>{4FC737F1-C7A5-4376-A066-2A32D752A2FF}</UniqueIdentifier>
      <Extensions>cpp;c;cc;cxx;def;odl;idl;hpj;bat;asm;asmx</Extensions>
    </Filter>
    <Filter Include="Header Files">
      <UniqueIdentifier>{93995380-89BD-4b04-88EB-625FBE52EBFB}</UniqueIdentifier>
      <Extensions>h;hh;hpp;hxx;hm;inl;inc;xsd</Extensions>
    </Filter>
    <Filter Include="Resource Files">
      <UniqueIdentifier>{67DA6AB6-F800-4c08-8B7A-83BB121AAD01}</UniqueIdentifier>
      <Extensions>rc;ico;cur;bmp;dlg;rc2;rct;bin;rgs;gif;jpg;jpeg;jpe;resx;tiff;tif;png;wav;mfcribbon-ms</Extensions>
    </Filter>
  </ItemGroup>
  <ItemGroup>
    <ClCompile Include="TopCoder\SRM353-D1-500-PlatformJumper.cpp">
      <Filter>Source Files</Filter>
    </ClCompile>
    <ClCompile Include="TopCoder\SRM518-D1-500-ConvexSequence.cpp">
      <Filter>Source Files</Filter>
    </ClCompile>
    <ClCompile Include="TopCoder\SRM460-D1-500-TheFansAndMeetingsDivOne.cpp">
      <Filter>Source Files</Filter>
    </ClCompile>
    <ClCompile Include="TopCoder\SRM538-D1-500-TurtleSpy.cpp">
      <Filter>Source Files</Filter>
    </ClCompile>
    <ClCompile Include="TopCoder\SRM544-D1-500-FlipGame.cpp">
      <Filter>Source Files</Filter>
    </ClCompile>
    <ClCompile Include="TopCoder\SRM389-D1-500-GuitarChords.cpp">
      <Filter>Source Files</Filter>
    </ClCompile>
    <ClCompile Include="CodeForces\CF615-D2-D.cpp">
      <Filter>Source Files</Filter>
    </ClCompile>
    <ClCompile Include="CodeForces\CF62-D2-C.cpp">
      <Filter>Source Files</Filter>
    </ClCompile>
    <ClCompile Include="CodeForces\CF282-D2-E.cpp">
      <Filter>Source Files</Filter>
    </ClCompile>
    <ClCompile Include="Other\SPOJ ANTTT.cpp">
      <Filter>Source Files</Filter>
    </ClCompile>
    <ClCompile Include="Other\SPOJ FINDSR.cpp">
      <Filter>Source Files</Filter>
    </ClCompile>
    <ClCompile Include="Other\UVA 10002.cpp">
      <Filter>Source Files</Filter>
    </ClCompile>
    <ClCompile Include="Other\UVA 10092.cpp">
      <Filter>Source Files</Filter>
    </ClCompile>
    <ClCompile Include="Other\UVA 10307.cpp">
      <Filter>Source Files</Filter>
    </ClCompile>
    <ClCompile Include="Other\UVA 10449.cpp">
      <Filter>Source Files</Filter>
    </ClCompile>
    <ClCompile Include="Other\UVA 12716.cpp">
      <Filter>Source Files</Filter>
    </ClCompile>
    <ClCompile Include="TopCoder\SRM420-D1-500-RedIsGood.cpp">
      <Filter>Source Files</Filter>
    </ClCompile>
    <ClCompile Include="TopCoder\SRM429-D1-500-IngredientProportions.cpp">
      <Filter>Source Files</Filter>
    </ClCompile>
    <ClCompile Include="TopCoder\SRM338-D1-500-RandomSwaps.cpp">
      <Filter>Source Files</Filter>
    </ClCompile>
    <ClCompile Include="TopCoder\SRM396-D1-500-FixImage.cpp">
      <Filter>Source Files</Filter>
    </ClCompile>
  </ItemGroup>
</Project>